<Solution>
  <Configurations>
    <Platform Name="x64" />
    <Platform Name="x86" />
  </Configurations>
  <Project Path="Binary_Search/Binary_Search.vcxproj" Id="b3d3d517-919d-45d0-843a-0d399d2cc69f" />
  <Project Path="Divid-and-Conquer/Divid-and-Conquer.vcxproj" Id="43a8d4f4-1af0-42a6-afef-ce736fd178a2" />
  <Project Path="Quicksort/Quicksort.vcxproj" Id="3cc2f713-c0a8-4ce9-a6e1-95615fa23b9c" />
  <Project Path="Recursion/Recursion.vcxproj" Id="9c6cc092-b7dc-42b8-b0a6-ce465f35ce2b" />
  <Project Path="Selection_Sort/Selection_Sort.vcxproj" Id="eebc07bb-863d-40f0-a8b7-c7c9a7f5b6b6" />
</Solution>
